
Microsoft Visual Studio Solution File, Format Version 12.00
# Visual Studio Version 16
VisualStudioVersion = 16.0.28922.388
MinimumVisualStudioVersion = 10.0.40219.1
Project("{9A19103F-16F7-4668-BE54-9A1E7A4F7556}") = "Tiendeo.DAL", "Tiendeo.DAL\Tiendeo.DAL.csproj", "{4954EAA0-6F99-4C36-A5EF-0955B53F64C4}"
EndProject
Project("{9A19103F-16F7-4668-BE54-9A1E7A4F7556}") = "Tiendeo.BLL", "Tiendeo.BLL\Tiendeo.BLL.csproj", "{B8F61DA8-0310-4E8A-B3B9-49A774615F96}"
EndProject
Project("{9A19103F-16F7-4668-BE54-9A1E7A4F7556}") = "Tiendeo.API", "Tiendeo.API\Tiendeo.API.csproj", "{B0A1D345-FAF4-4C1F-B439-1420BB3C758A}"
EndProject
Project("{9A19103F-16F7-4668-BE54-9A1E7A4F7556}") = "Tiendeo.Shared", "Tiendeo.Shared\Tiendeo.Shared.csproj", "{E5FF5FF0-46C2-4B11-884F-E988775A3BF2}"
EndProject
Project("{9A19103F-16F7-4668-BE54-9A1E7A4F7556}") = "Tiendeo.BLL.Test", "Tiendeo.BLL.Test\Tiendeo.BLL.Test.csproj", "{97BEE6A1-79CA-4224-A3D3-E2CCEB4158B5}"
EndProject
Project("{FAE04EC0-301F-11D3-BF4B-00C04F79EFBC}") = "Tiendeo.APP", "Tiendeo.App\Tiendeo.APP.csproj", "{F7191971-BB13-4CEC-99C0-C0EE3A96E52C}"
EndProject
Global
	GlobalSection(SolutionConfigurationPlatforms) = preSolution
		Configuration|Any CPU = Configuration|Any CPU
		Debug|Any CPU = Debug|Any CPU
		Release|Any CPU = Release|Any CPU
	EndGlobalSection
	GlobalSection(ProjectConfigurationPlatforms) = postSolution
		{4954EAA0-6F99-4C36-A5EF-0955B53F64C4}.Configuration|Any CPU.ActiveCfg = Configuration|Any CPU
		{4954EAA0-6F99-4C36-A5EF-0955B53F64C4}.Configuration|Any CPU.Build.0 = Configuration|Any CPU
		{4954EAA0-6F99-4C36-A5EF-0955B53F64C4}.Debug|Any CPU.ActiveCfg = Debug|Any CPU
		{4954EAA0-6F99-4C36-A5EF-0955B53F64C4}.Debug|Any CPU.Build.0 = Debug|Any CPU
		{4954EAA0-6F99-4C36-A5EF-0955B53F64C4}.Release|Any CPU.ActiveCfg = Release|Any CPU
		{4954EAA0-6F99-4C36-A5EF-0955B53F64C4}.Release|Any CPU.Build.0 = Release|Any CPU
		{B8F61DA8-0310-4E8A-B3B9-49A774615F96}.Configuration|Any CPU.ActiveCfg = Configuration|Any CPU
		{B8F61DA8-0310-4E8A-B3B9-49A774615F96}.Configuration|Any CPU.Build.0 = Configuration|Any CPU
		{B8F61DA8-0310-4E8A-B3B9-49A774615F96}.Debug|Any CPU.ActiveCfg = Debug|Any CPU
		{B8F61DA8-0310-4E8A-B3B9-49A774615F96}.Debug|Any CPU.Build.0 = Debug|Any CPU
		{B8F61DA8-0310-4E8A-B3B9-49A774615F96}.Release|Any CPU.ActiveCfg = Release|Any CPU
		{B8F61DA8-0310-4E8A-B3B9-49A774615F96}.Release|Any CPU.Build.0 = Release|Any CPU
		{B0A1D345-FAF4-4C1F-B439-1420BB3C758A}.Configuration|Any CPU.ActiveCfg = Configuration|Any CPU
		{B0A1D345-FAF4-4C1F-B439-1420BB3C758A}.Configuration|Any CPU.Build.0 = Configuration|Any CPU
		{B0A1D345-FAF4-4C1F-B439-1420BB3C758A}.Debug|Any CPU.ActiveCfg = Debug|Any CPU
		{B0A1D345-FAF4-4C1F-B439-1420BB3C758A}.Debug|Any CPU.Build.0 = Debug|Any CPU
		{B0A1D345-FAF4-4C1F-B439-1420BB3C758A}.Release|Any CPU.ActiveCfg = Release|Any CPU
		{B0A1D345-FAF4-4C1F-B439-1420BB3C758A}.Release|Any CPU.Build.0 = Release|Any CPU
		{E5FF5FF0-46C2-4B11-884F-E988775A3BF2}.Configuration|Any CPU.ActiveCfg = Configuration|Any CPU
		{E5FF5FF0-46C2-4B11-884F-E988775A3BF2}.Configuration|Any CPU.Build.0 = Configuration|Any CPU
		{E5FF5FF0-46C2-4B11-884F-E988775A3BF2}.Debug|Any CPU.ActiveCfg = Debug|Any CPU
		{E5FF5FF0-46C2-4B11-884F-E988775A3BF2}.Debug|Any CPU.Build.0 = Debug|Any CPU
		{E5FF5FF0-46C2-4B11-884F-E988775A3BF2}.Release|Any CPU.ActiveCfg = Release|Any CPU
		{E5FF5FF0-46C2-4B11-884F-E988775A3BF2}.Release|Any CPU.Build.0 = Release|Any CPU
		{97BEE6A1-79CA-4224-A3D3-E2CCEB4158B5}.Configuration|Any CPU.ActiveCfg = Debug|Any CPU
		{97BEE6A1-79CA-4224-A3D3-E2CCEB4158B5}.Configuration|Any CPU.Build.0 = Debug|Any CPU
		{97BEE6A1-79CA-4224-A3D3-E2CCEB4158B5}.Debug|Any CPU.ActiveCfg = Debug|Any CPU
		{97BEE6A1-79CA-4224-A3D3-E2CCEB4158B5}.Debug|Any CPU.Build.0 = Debug|Any CPU
		{97BEE6A1-79CA-4224-A3D3-E2CCEB4158B5}.Release|Any CPU.ActiveCfg = Release|Any CPU
		{97BEE6A1-79CA-4224-A3D3-E2CCEB4158B5}.Release|Any CPU.Build.0 = Release|Any CPU
		{F7191971-BB13-4CEC-99C0-C0EE3A96E52C}.Configuration|Any CPU.ActiveCfg = Debug|Any CPU
		{F7191971-BB13-4CEC-99C0-C0EE3A96E52C}.Configuration|Any CPU.Build.0 = Debug|Any CPU
		{F7191971-BB13-4CEC-99C0-C0EE3A96E52C}.Debug|Any CPU.ActiveCfg = Debug|Any CPU
		{F7191971-BB13-4CEC-99C0-C0EE3A96E52C}.Debug|Any CPU.Build.0 = Debug|Any CPU
		{F7191971-BB13-4CEC-99C0-C0EE3A96E52C}.Release|Any CPU.ActiveCfg = Release|Any CPU
		{F7191971-BB13-4CEC-99C0-C0EE3A96E52C}.Release|Any CPU.Build.0 = Release|Any CPU
	EndGlobalSection
	GlobalSection(SolutionProperties) = preSolution
		HideSolutionNode = FALSE
	EndGlobalSection
	GlobalSection(ExtensibilityGlobals) = postSolution
		SolutionGuid = {30130235-64D3-4FC3-9DE1-CD29BF661596}
	EndGlobalSection
EndGlobal
